
Microsoft Visual Studio Solution File, Format Version 11.00
# Visual C# Express 2010
Project("{FAE04EC0-301F-11D3-BF4B-00C04F79EFBC}") = "Tetris", "Tetris\Tetris\Tetris.csproj", "{27EC53A7-3AE4-4D28-8EA0-6BA0AE88FC99}"
EndProject
Project("{96E2B04D-8817-42C6-938A-82C39BA4D311}") = "TetrisContent", "Tetris\TetrisContent\TetrisContent.contentproj", "{F64ACC57-D2E7-4B7F-B077-111CD15F06D3}"
EndProject
Global
	GlobalSection(SolutionConfigurationPlatforms) = preSolution
		Debug|x86 = Debug|x86
		Release|x86 = Release|x86
	EndGlobalSection
	GlobalSection(ProjectConfigurationPlatforms) = postSolution
		{27EC53A7-3AE4-4D28-8EA0-6BA0AE88FC99}.Debug|x86.ActiveCfg = Debug|x86
		{27EC53A7-3AE4-4D28-8EA0-6BA0AE88FC99}.Debug|x86.Build.0 = Debug|x86
		{27EC53A7-3AE4-4D28-8EA0-6BA0AE88FC99}.Release|x86.ActiveCfg = Release|x86
		{27EC53A7-3AE4-4D28-8EA0-6BA0AE88FC99}.Release|x86.Build.0 = Release|x86
		{F64ACC57-D2E7-4B7F-B077-111CD15F06D3}.Debug|x86.ActiveCfg = Debug|x86
		{F64ACC57-D2E7-4B7F-B077-111CD15F06D3}.Release|x86.ActiveCfg = Release|x86
	EndGlobalSection
	GlobalSection(SolutionProperties) = preSolution
		HideSolutionNode = FALSE
	EndGlobalSection
EndGlobal
